
Microsoft Visual Studio Solution File, Format Version 12.00
# Visual Studio Version 16
VisualStudioVersion = 16.0.32106.194
MinimumVisualStudioVersion = 10.0.40219.1
Project("{FAE04EC0-301F-11D3-BF4B-00C04F79EFBC}") = "AdvanceTaskMars", "AdvanceTaskMars\AdvanceTaskMars.csproj", "{6AD7100E-724A-4478-A89A-539F6ACB57E8}"
EndProject
Global
	GlobalSection(SolutionConfigurationPlatforms) = preSolution
		Debug|Any CPU = Debug|Any CPU
		Release|Any CPU = Release|Any CPU
	EndGlobalSection
	GlobalSection(ProjectConfigurationPlatforms) = postSolution
		{6AD7100E-724A-4478-A89A-539F6ACB57E8}.Debug|Any CPU.ActiveCfg = Debug|Any CPU
		{6AD7100E-724A-4478-A89A-539F6ACB57E8}.Debug|Any CPU.Build.0 = Debug|Any CPU
		{6AD7100E-724A-4478-A89A-539F6ACB57E8}.Release|Any CPU.ActiveCfg = Release|Any CPU
		{6AD7100E-724A-4478-A89A-539F6ACB57E8}.Release|Any CPU.Build.0 = Release|Any CPU
	EndGlobalSection
	GlobalSection(SolutionProperties) = preSolution
		HideSolutionNode = FALSE
	EndGlobalSection
	GlobalSection(ExtensibilityGlobals) = postSolution
		SolutionGuid = {85AF1CB7-9637-443C-AC0D-E41202DDC91E}
	EndGlobalSection
EndGlobal
